
Microsoft Visual Studio Solution File, Format Version 12.00
# Visual Studio 14
VisualStudioVersion = 14.0.25420.1
MinimumVisualStudioVersion = 10.0.40219.1
Project("{FAE04EC0-301F-11D3-BF4B-00C04F79EFBC}") = "Finolio.WebAPI", "Finolio.WebAPI\Finolio.WebAPI.csproj", "{D86BB8B6-7E29-4D91-AF10-CF1FA523A13A}"
EndProject
Project("{E24C65DC-7377-472B-9ABA-BC803B73C61A}") = "Finolio.UI", "Finolio.UI\", "{D8B98A4E-625B-4570-BFE9-5DE89C57A863}"
	ProjectSection(WebsiteProperties) = preProject
		TargetFrameworkMoniker = ".NETFramework,Version%3Dv4.5.2"
		Debug.AspNetCompiler.VirtualPath = "/localhost_51975"
		Debug.AspNetCompiler.PhysicalPath = "Finolio.UI\"
		Debug.AspNetCompiler.TargetPath = "PrecompiledWeb\localhost_51975\"
		Debug.AspNetCompiler.Updateable = "true"
		Debug.AspNetCompiler.ForceOverwrite = "true"
		Debug.AspNetCompiler.FixedNames = "false"
		Debug.AspNetCompiler.Debug = "True"
		Release.AspNetCompiler.VirtualPath = "/localhost_51975"
		Release.AspNetCompiler.PhysicalPath = "Finolio.UI\"
		Release.AspNetCompiler.TargetPath = "PrecompiledWeb\localhost_51975\"
		Release.AspNetCompiler.Updateable = "true"
		Release.AspNetCompiler.ForceOverwrite = "true"
		Release.AspNetCompiler.FixedNames = "false"
		Release.AspNetCompiler.Debug = "False"
		VWDPort = "51975"
		SlnRelativePath = "Finolio.UI\"
		DefaultWebSiteLanguage = "Visual C#"
	EndProjectSection
EndProject
Project("{FAE04EC0-301F-11D3-BF4B-00C04F79EFBC}") = "Finolio.Models", "Finolio.Models\Finolio.Models.csproj", "{764AEB38-CAB4-4534-B407-99401C47B456}"
EndProject
Project("{FAE04EC0-301F-11D3-BF4B-00C04F79EFBC}") = "Finolio.DataAccess", "Finolio.DataAccess\Finolio.DataAccess.csproj", "{91D4B78C-E2C0-487C-9313-1E39DB843CC8}"
EndProject
Project("{FAE04EC0-301F-11D3-BF4B-00C04F79EFBC}") = "Finolio.Services", "Finolio.Services\Finolio.Services.csproj", "{CBB0D397-02E9-4AAF-8EB2-2D295CFEE06A}"
EndProject
Project("{FAE04EC0-301F-11D3-BF4B-00C04F79EFBC}") = "Finolio.Web", "Finolio.Web\Finolio.Web.csproj", "{612FC645-4912-4075-B7D7-74468EA82E0D}"
EndProject
Global
	GlobalSection(SolutionConfigurationPlatforms) = preSolution
		Debug|Any CPU = Debug|Any CPU
		Release|Any CPU = Release|Any CPU
	EndGlobalSection
	GlobalSection(ProjectConfigurationPlatforms) = postSolution
		{D86BB8B6-7E29-4D91-AF10-CF1FA523A13A}.Debug|Any CPU.ActiveCfg = Debug|Any CPU
		{D86BB8B6-7E29-4D91-AF10-CF1FA523A13A}.Debug|Any CPU.Build.0 = Debug|Any CPU
		{D86BB8B6-7E29-4D91-AF10-CF1FA523A13A}.Release|Any CPU.ActiveCfg = Release|Any CPU
		{D86BB8B6-7E29-4D91-AF10-CF1FA523A13A}.Release|Any CPU.Build.0 = Release|Any CPU
		{D8B98A4E-625B-4570-BFE9-5DE89C57A863}.Debug|Any CPU.ActiveCfg = Debug|Any CPU
		{D8B98A4E-625B-4570-BFE9-5DE89C57A863}.Debug|Any CPU.Build.0 = Debug|Any CPU
		{D8B98A4E-625B-4570-BFE9-5DE89C57A863}.Release|Any CPU.ActiveCfg = Debug|Any CPU
		{D8B98A4E-625B-4570-BFE9-5DE89C57A863}.Release|Any CPU.Build.0 = Debug|Any CPU
		{764AEB38-CAB4-4534-B407-99401C47B456}.Debug|Any CPU.ActiveCfg = Debug|Any CPU
		{764AEB38-CAB4-4534-B407-99401C47B456}.Debug|Any CPU.Build.0 = Debug|Any CPU
		{764AEB38-CAB4-4534-B407-99401C47B456}.Release|Any CPU.ActiveCfg = Release|Any CPU
		{764AEB38-CAB4-4534-B407-99401C47B456}.Release|Any CPU.Build.0 = Release|Any CPU
		{91D4B78C-E2C0-487C-9313-1E39DB843CC8}.Debug|Any CPU.ActiveCfg = Debug|Any CPU
		{91D4B78C-E2C0-487C-9313-1E39DB843CC8}.Debug|Any CPU.Build.0 = Debug|Any CPU
		{91D4B78C-E2C0-487C-9313-1E39DB843CC8}.Release|Any CPU.ActiveCfg = Release|Any CPU
		{91D4B78C-E2C0-487C-9313-1E39DB843CC8}.Release|Any CPU.Build.0 = Release|Any CPU
		{CBB0D397-02E9-4AAF-8EB2-2D295CFEE06A}.Debug|Any CPU.ActiveCfg = Debug|Any CPU
		{CBB0D397-02E9-4AAF-8EB2-2D295CFEE06A}.Debug|Any CPU.Build.0 = Debug|Any CPU
		{CBB0D397-02E9-4AAF-8EB2-2D295CFEE06A}.Release|Any CPU.ActiveCfg = Release|Any CPU
		{CBB0D397-02E9-4AAF-8EB2-2D295CFEE06A}.Release|Any CPU.Build.0 = Release|Any CPU
		{612FC645-4912-4075-B7D7-74468EA82E0D}.Debug|Any CPU.ActiveCfg = Debug|Any CPU
		{612FC645-4912-4075-B7D7-74468EA82E0D}.Debug|Any CPU.Build.0 = Debug|Any CPU
		{612FC645-4912-4075-B7D7-74468EA82E0D}.Release|Any CPU.ActiveCfg = Release|Any CPU
		{612FC645-4912-4075-B7D7-74468EA82E0D}.Release|Any CPU.Build.0 = Release|Any CPU
	EndGlobalSection
	GlobalSection(SolutionProperties) = preSolution
		HideSolutionNode = FALSE
	EndGlobalSection
EndGlobal
